
Microsoft Visual Studio Solution File, Format Version 12.00
# Visual Studio Version 17
VisualStudioVersion = 17.10.34916.146
MinimumVisualStudioVersion = 10.0.40219.1
Project("{888888A0-9F3D-457C-B088-3A5042F75D52}") = "Pithonas", "Pithonas\Pithonas.pyproj", "{31DB859D-4FBC-46DC-84B2-BA922C365ECB}"
EndProject
Global
	GlobalSection(SolutionConfigurationPlatforms) = preSolution
		Debug|Any CPU = Debug|Any CPU
		Release|Any CPU = Release|Any CPU
	EndGlobalSection
	GlobalSection(ProjectConfigurationPlatforms) = postSolution
		{31DB859D-4FBC-46DC-84B2-BA922C365ECB}.Debug|Any CPU.ActiveCfg = Debug|Any CPU
		{31DB859D-4FBC-46DC-84B2-BA922C365ECB}.Release|Any CPU.ActiveCfg = Release|Any CPU
	EndGlobalSection
	GlobalSection(SolutionProperties) = preSolution
		HideSolutionNode = FALSE
	EndGlobalSection
	GlobalSection(ExtensibilityGlobals) = postSolution
		SolutionGuid = {F95C5A11-23B3-4467-873C-E30B0662D748}
	EndGlobalSection
EndGlobal
